
Microsoft Visual Studio Solution File, Format Version 12.00
# Visual Studio Version 17
VisualStudioVersion = 17.7.34031.279
MinimumVisualStudioVersion = 10.0.40219.1
Project("{FAE04EC0-301F-11D3-BF4B-00C04F79EFBC}") = "Prueba2", "Prueba2\Prueba2.csproj", "{EE3DDD13-C609-4BF0-81ED-720FF396AF76}"
EndProject
Global
	GlobalSection(SolutionConfigurationPlatforms) = preSolution
		Debug|Any CPU = Debug|Any CPU
		Release|Any CPU = Release|Any CPU
	EndGlobalSection
	GlobalSection(ProjectConfigurationPlatforms) = postSolution
		{EE3DDD13-C609-4BF0-81ED-720FF396AF76}.Debug|Any CPU.ActiveCfg = Debug|Any CPU
		{EE3DDD13-C609-4BF0-81ED-720FF396AF76}.Debug|Any CPU.Build.0 = Debug|Any CPU
		{EE3DDD13-C609-4BF0-81ED-720FF396AF76}.Release|Any CPU.ActiveCfg = Release|Any CPU
		{EE3DDD13-C609-4BF0-81ED-720FF396AF76}.Release|Any CPU.Build.0 = Release|Any CPU
	EndGlobalSection
	GlobalSection(SolutionProperties) = preSolution
		HideSolutionNode = FALSE
	EndGlobalSection
	GlobalSection(ExtensibilityGlobals) = postSolution
		SolutionGuid = {5CB92B88-2997-4E37-9FDB-1085FE2F5269}
	EndGlobalSection
EndGlobal
